// !$*UTF8*$!
{
	archiveVersion = 1;
	classes = {
	};
	objectVersion = 46;
	objects = {

/* Begin PBXBuildFile section */
		0119C1A117E09E3900E6E189 /* BlueandGoldBackground3.png in Resources */ = {isa = PBXBuildFile; fileRef = 0119C1A017E09E3900E6E189 /* BlueandGoldBackground3.png */; };
		0120D98F17A75172008561C4 /* CCHSLoginScreenViewController.m in Sources */ = {isa = PBXBuildFile; fileRef = 0120D98E17A75172008561C4 /* CCHSLoginScreenViewController.m */; };
		0130F65017968C8100617404 /* MessageUI.framework in Frameworks */ = {isa = PBXBuildFile; fileRef = 0130F64F17968C8100617404 /* MessageUI.framework */; };
		016037CF17AB934300A3E30D /* user.png in Resources */ = {isa = PBXBuildFile; fileRef = 016037CE17AB934300A3E30D /* user.png */; };
		016037D117AB936000A3E30D /* calendar.png in Resources */ = {isa = PBXBuildFile; fileRef = 016037D017AB936000A3E30D /* calendar.png */; };
		016037D317AB93A500A3E30D /* home.png in Resources */ = {isa = PBXBuildFile; fileRef = 016037D217AB93A500A3E30D /* home.png */; };
		016037D517AB93BB00A3E30D /* user2x.png in Resources */ = {isa = PBXBuildFile; fileRef = 016037D417AB93BB00A3E30D /* user2x.png */; };
		016037D717AB93CD00A3E30D /* calendar2x.png in Resources */ = {isa = PBXBuildFile; fileRef = 016037D617AB93CD00A3E30D /* calendar2x.png */; };
		016037D917AB93E600A3E30D /* home2x.png in Resources */ = {isa = PBXBuildFile; fileRef = 016037D817AB93E600A3E30D /* home2x.png */; };
		016037EB17B06E8300A3E30D /* SystemConfiguration.framework in Frameworks */ = {isa = PBXBuildFile; fileRef = 016037EA17B06E8300A3E30D /* SystemConfiguration.framework */; };
		016037EF17B0AEDB00A3E30D /* Default.png in Resources */ = {isa = PBXBuildFile; fileRef = 016037EE17B0AEDB00A3E30D /* Default.png */; };
		016037F117B0AEE000A3E30D /* Default@2x.png in Resources */ = {isa = PBXBuildFile; fileRef = 016037F017B0AEE000A3E30D /* Default@2x.png */; };
		016037F317B0AEE900A3E30D /* Default-568h@2x.png in Resources */ = {isa = PBXBuildFile; fileRef = 016037F217B0AEE900A3E30D /* Default-568h@2x.png */; };
		016037F517B0AEF900A3E30D /* Default-Portrait~ipad.png in Resources */ = {isa = PBXBuildFile; fileRef = 016037F417B0AEF900A3E30D /* Default-Portrait~ipad.png */; };
		016037F717B0AEFF00A3E30D /* Default-Portrait@2x~ipad.png in Resources */ = {isa = PBXBuildFile; fileRef = 016037F617B0AEFF00A3E30D /* Default-Portrait@2x~ipad.png */; };
		016037FE17B0B75900A3E30D /* Reachability.m in Sources */ = {isa = PBXBuildFile; fileRef = 016037FB17B0B75900A3E30D /* Reachability.m */; };
		016037FF17B0B75900A3E30D /* RNCachingURLProtocol.m in Sources */ = {isa = PBXBuildFile; fileRef = 016037FD17B0B75900A3E30D /* RNCachingURLProtocol.m */; };
		0160380117B2D67400A3E30D /* handbook13.pdf in Resources */ = {isa = PBXBuildFile; fileRef = 0160380017B2D67400A3E30D /* handbook13.pdf */; };
		018800AD17E100C5006F9B49 /* AppLogoV1Iphone.png in Resources */ = {isa = PBXBuildFile; fileRef = 018800AC17E100C5006F9B49 /* AppLogoV1Iphone.png */; };
		018800AF17E100D3006F9B49 /* AppLogoV1IphoneRetina.png in Resources */ = {isa = PBXBuildFile; fileRef = 018800AE17E100D3006F9B49 /* AppLogoV1IphoneRetina.png */; };
		018800B117E100E6006F9B49 /* AppLogoV1Ipad.png in Resources */ = {isa = PBXBuildFile; fileRef = 018800B017E100E6006F9B49 /* AppLogoV1Ipad.png */; };
		018800B317E100F1006F9B49 /* AppLogoV1IpadRetina.png in Resources */ = {isa = PBXBuildFile; fileRef = 018800B217E100F1006F9B49 /* AppLogoV1IpadRetina.png */; };
		018800B517E102EC006F9B49 /* centralcatholiccrest2.png in Resources */ = {isa = PBXBuildFile; fileRef = 018800B417E102EC006F9B49 /* centralcatholiccrest2.png */; };
		018800B917E11371006F9B49 /* SimpleLogoV2.png in Resources */ = {isa = PBXBuildFile; fileRef = 018800B817E11371006F9B49 /* SimpleLogoV2.png */; };
		019308EA17E7A35F006275DC /* NSDataEncryption.m in Sources */ = {isa = PBXBuildFile; fileRef = 019308E917E7A35F006275DC /* NSDataEncryption.m */; };
		01A73CB317D6E694005A3250 /* NewsBuilding.jpg in Resources */ = {isa = PBXBuildFile; fileRef = 01A73CB217D6E694005A3250 /* NewsBuilding.jpg */; };
		01A73CB517D6E73F005A3250 /* Auditorium.jpg in Resources */ = {isa = PBXBuildFile; fileRef = 01A73CB417D6E73F005A3250 /* Auditorium.jpg */; };
		01A73CB717D6E7CA005A3250 /* #rollvikes.jpeg in Resources */ = {isa = PBXBuildFile; fileRef = 01A73CB617D6E7CA005A3250 /* #rollvikes.jpeg */; };
		01B0D1C217ECEE270092112A /* imageNA.jpg in Resources */ = {isa = PBXBuildFile; fileRef = 01B0D1C117ECEE270092112A /* imageNA.jpg */; };
		01B1E62A1785F4B900934794 /* CCHSThirdViewController.m in Sources */ = {isa = PBXBuildFile; fileRef = 01B1E6291785F4B900934794 /* CCHSThirdViewController.m */; };
		01B1E62D1785F5F200934794 /* CCHSFourthViewController.m in Sources */ = {isa = PBXBuildFile; fileRef = 01B1E62C1785F5F200934794 /* CCHSFourthViewController.m */; };
		01B1E6301786A16F00934794 /* CCHSMoreCentralLinkView.m in Sources */ = {isa = PBXBuildFile; fileRef = 01B1E62F1786A16F00934794 /* CCHSMoreCentralLinkView.m */; };
		01B1E6331786A20300934794 /* CCHSMorePowerSchoolLinkView.m in Sources */ = {isa = PBXBuildFile; fileRef = 01B1E6321786A20300934794 /* CCHSMorePowerSchoolLinkView.m */; };
		01B1E6361786A30B00934794 /* CCHSMoreMoodleLink.m in Sources */ = {isa = PBXBuildFile; fileRef = 01B1E6351786A30B00934794 /* CCHSMoreMoodleLink.m */; };
		01B1E6391786A38300934794 /* CCHSMoreNavianceLink.m in Sources */ = {isa = PBXBuildFile; fileRef = 01B1E6381786A38300934794 /* CCHSMoreNavianceLink.m */; };
		01B1E63C1787D56100934794 /* CCHSAbtSchoolView.m in Sources */ = {isa = PBXBuildFile; fileRef = 01B1E63B1787D56100934794 /* CCHSAbtSchoolView.m */; };
		01B1E63F1787D58000934794 /* CCHSHandbookView.m in Sources */ = {isa = PBXBuildFile; fileRef = 01B1E63E1787D57F00934794 /* CCHSHandbookView.m */; };
		01B1E6421787D59700934794 /* CCHSAbtAppView.m in Sources */ = {isa = PBXBuildFile; fileRef = 01B1E6411787D59700934794 /* CCHSAbtAppView.m */; };
		01C6715D17BDBACE0016CEC3 /* CCHS_logo.png in Resources */ = {isa = PBXBuildFile; fileRef = 01C6715C17BDBACE0016CEC3 /* CCHS_logo.png */; };
		01C9643217DF5239004158DD /* BlueandGoldBackgroundiPad.png in Resources */ = {isa = PBXBuildFile; fileRef = 01C9642C17DF5239004158DD /* BlueandGoldBackgroundiPad.png */; };
		01C9643317DF5239004158DD /* BlueandGoldBackgroundiPhone5.png in Resources */ = {isa = PBXBuildFile; fileRef = 01C9642D17DF5239004158DD /* BlueandGoldBackgroundiPhone5.png */; };
		01C9643417DF5239004158DD /* BlueandGoldBackgroundiPhoneRetina.png in Resources */ = {isa = PBXBuildFile; fileRef = 01C9642E17DF5239004158DD /* BlueandGoldBackgroundiPhoneRetina.png */; };
		01C9643517DF5239004158DD /* BlueandGoldBackgroundiPhone.png in Resources */ = {isa = PBXBuildFile; fileRef = 01C9642F17DF5239004158DD /* BlueandGoldBackgroundiPhone.png */; };
		01C9643617DF5239004158DD /* BlueandGoldBackgroundiPadRetina.png in Resources */ = {isa = PBXBuildFile; fileRef = 01C9643017DF5239004158DD /* BlueandGoldBackgroundiPadRetina.png */; };
		01C9643717DF5239004158DD /* BlueandGoldBackground.png in Resources */ = {isa = PBXBuildFile; fileRef = 01C9643117DF5239004158DD /* BlueandGoldBackground.png */; };
		01C9643917DF7478004158DD /* BlueandGoldBackground2.png in Resources */ = {isa = PBXBuildFile; fileRef = 01C9643817DF7478004158DD /* BlueandGoldBackground2.png */; };
		01F2349817D78D8F0012660E /* centralcatholiccrest.jpg in Resources */ = {isa = PBXBuildFile; fileRef = 01F2349717D78D8F0012660E /* centralcatholiccrest.jpg */; };
		01F2349B17DA0B4D0012660E /* PasswordHelpViewController.m in Sources */ = {isa = PBXBuildFile; fileRef = 01F2349A17DA0B4D0012660E /* PasswordHelpViewController.m */; };
		FAF22EDF176B4E7D00B59E55 /* UIKit.framework in Frameworks */ = {isa = PBXBuildFile; fileRef = FAF22EDE176B4E7D00B59E55 /* UIKit.framework */; };
		FAF22EE1176B4E7D00B59E55 /* Foundation.framework in Frameworks */ = {isa = PBXBuildFile; fileRef = FAF22EE0176B4E7D00B59E55 /* Foundation.framework */; };
		FAF22EE3176B4E7D00B59E55 /* CoreGraphics.framework in Frameworks */ = {isa = PBXBuildFile; fileRef = FAF22EE2176B4E7D00B59E55 /* CoreGraphics.framework */; };
		FAF22EE9176B4E7D00B59E55 /* InfoPlist.strings in Resources */ = {isa = PBXBuildFile; fileRef = FAF22EE7176B4E7D00B59E55 /* InfoPlist.strings */; };
		FAF22EEB176B4E7D00B59E55 /* main.m in Sources */ = {isa = PBXBuildFile; fileRef = FAF22EEA176B4E7D00B59E55 /* main.m */; };
		FAF22EEF176B4E7D00B59E55 /* CCHSAppDelegate.m in Sources */ = {isa = PBXBuildFile; fileRef = FAF22EEE176B4E7D00B59E55 /* CCHSAppDelegate.m */; };
		FAF22EF8176B4E7D00B59E55 /* MainStoryboard_iPhone.storyboard in Resources */ = {isa = PBXBuildFile; fileRef = FAF22EF6176B4E7D00B59E55 /* MainStoryboard_iPhone.storyboard */; };
		FAF22EFB176B4E7D00B59E55 /* MainStoryboard_iPad.storyboard in Resources */ = {isa = PBXBuildFile; fileRef = FAF22EF9176B4E7D00B59E55 /* MainStoryboard_iPad.storyboard */; };
		FAF22EFE176B4E7D00B59E55 /* CCHSFirstViewController.m in Sources */ = {isa = PBXBuildFile; fileRef = FAF22EFD176B4E7D00B59E55 /* CCHSFirstViewController.m */; };
		FAF22F05176B4E7D00B59E55 /* CCHSSecondViewController.m in Sources */ = {isa = PBXBuildFile; fileRef = FAF22F04176B4E7D00B59E55 /* CCHSSecondViewController.m */; };
/* End PBXBuildFile section */

/* Begin PBXFileReference section */
		0119C1A017E09E3900E6E189 /* BlueandGoldBackground3.png */ = {isa = PBXFileReference; lastKnownFileType = image.png; path = BlueandGoldBackground3.png; sourceTree = "<group>"; };
		0120D98D17A75172008561C4 /* CCHSLoginScreenViewController.h */ = {isa = PBXFileReference; fileEncoding = 4; lastKnownFileType = sourcecode.c.h; path = CCHSLoginScreenViewController.h; sourceTree = "<group>"; };
		0120D98E17A75172008561C4 /* CCHSLoginScreenViewController.m */ = {isa = PBXFileReference; fileEncoding = 4; lastKnownFileType = sourcecode.c.objc; path = CCHSLoginScreenViewController.m; sourceTree = "<group>"; };
		0130F64F17968C8100617404 /* MessageUI.framework */ = {isa = PBXFileReference; lastKnownFileType = wrapper.framework; name = MessageUI.framework; path = System/Library/Frameworks/MessageUI.framework; sourceTree = SDKROOT; };
		016037CE17AB934300A3E30D /* user.png */ = {isa = PBXFileReference; lastKnownFileType = image.png; path = user.png; sourceTree = "<group>"; };
		016037D017AB936000A3E30D /* calendar.png */ = {isa = PBXFileReference; lastKnownFileType = image.png; path = calendar.png; sourceTree = "<group>"; };
		016037D217AB93A500A3E30D /* home.png */ = {isa = PBXFileReference; lastKnownFileType = image.png; path = home.png; sourceTree = "<group>"; };
		016037D417AB93BB00A3E30D /* user2x.png */ = {isa = PBXFileReference; lastKnownFileType = image.png; path = user2x.png; sourceTree = "<group>"; };
		016037D617AB93CD00A3E30D /* calendar2x.png */ = {isa = PBXFileReference; lastKnownFileType = image.png; path = calendar2x.png; sourceTree = "<group>"; };
		016037D817AB93E600A3E30D /* home2x.png */ = {isa = PBXFileReference; lastKnownFileType = image.png; path = home2x.png; sourceTree = "<group>"; };
		016037EA17B06E8300A3E30D /* SystemConfiguration.framework */ = {isa = PBXFileReference; lastKnownFileType = wrapper.framework; name = SystemConfiguration.framework; path = System/Library/Frameworks/SystemConfiguration.framework; sourceTree = SDKROOT; };
		016037EE17B0AEDB00A3E30D /* Default.png */ = {isa = PBXFileReference; lastKnownFileType = image.png; name = Default.png; path = ../Default.png; sourceTree = "<group>"; };
		016037F017B0AEE000A3E30D /* Default@2x.png */ = {isa = PBXFileReference; lastKnownFileType = image.png; name = "Default@2x.png"; path = "../Default@2x.png"; sourceTree = "<group>"; };
		016037F217B0AEE900A3E30D /* Default-568h@2x.png */ = {isa = PBXFileReference; lastKnownFileType = image.png; name = "Default-568h@2x.png"; path = "../Default-568h@2x.png"; sourceTree = "<group>"; };
		016037F417B0AEF900A3E30D /* Default-Portrait~ipad.png */ = {isa = PBXFileReference; lastKnownFileType = image.png; name = "Default-Portrait~ipad.png"; path = "../Default-Portrait~ipad.png"; sourceTree = "<group>"; };
		016037F617B0AEFF00A3E30D /* Default-Portrait@2x~ipad.png */ = {isa = PBXFileReference; lastKnownFileType = image.png; name = "Default-Portrait@2x~ipad.png"; path = "../Default-Portrait@2x~ipad.png"; sourceTree = "<group>"; };
		016037FA17B0B75900A3E30D /* Reachability.h */ = {isa = PBXFileReference; fileEncoding = 4; lastKnownFileType = sourcecode.c.h; path = Reachability.h; sourceTree = "<group>"; };
		016037FB17B0B75900A3E30D /* Reachability.m */ = {isa = PBXFileReference; fileEncoding = 4; lastKnownFileType = sourcecode.c.objc; path = Reachability.m; sourceTree = "<group>"; };
		016037FC17B0B75900A3E30D /* RNCachingURLProtocol.h */ = {isa = PBXFileReference; fileEncoding = 4; lastKnownFileType = sourcecode.c.h; path = RNCachingURLProtocol.h; sourceTree = "<group>"; };
		016037FD17B0B75900A3E30D /* RNCachingURLProtocol.m */ = {isa = PBXFileReference; fileEncoding = 4; lastKnownFileType = sourcecode.c.objc; path = RNCachingURLProtocol.m; sourceTree = "<group>"; };
		0160380017B2D67400A3E30D /* handbook13.pdf */ = {isa = PBXFileReference; lastKnownFileType = image.pdf; path = handbook13.pdf; sourceTree = "<group>"; };
		018800AC17E100C5006F9B49 /* AppLogoV1Iphone.png */ = {isa = PBXFileReference; lastKnownFileType = image.png; name = AppLogoV1Iphone.png; path = ../AppLogoV1Iphone.png; sourceTree = "<group>"; };
		018800AE17E100D3006F9B49 /* AppLogoV1IphoneRetina.png */ = {isa = PBXFileReference; lastKnownFileType = image.png; name = AppLogoV1IphoneRetina.png; path = ../AppLogoV1IphoneRetina.png; sourceTree = "<group>"; };
		018800B017E100E6006F9B49 /* AppLogoV1Ipad.png */ = {isa = PBXFileReference; lastKnownFileType = image.png; name = AppLogoV1Ipad.png; path = ../AppLogoV1Ipad.png; sourceTree = "<group>"; };
		018800B217E100F1006F9B49 /* AppLogoV1IpadRetina.png */ = {isa = PBXFileReference; lastKnownFileType = image.png; name = AppLogoV1IpadRetina.png; path = ../AppLogoV1IpadRetina.png; sourceTree = "<group>"; };
		018800B417E102EC006F9B49 /* centralcatholiccrest2.png */ = {isa = PBXFileReference; lastKnownFileType = image.png; name = centralcatholiccrest2.png; path = "../../../CCHS App Logos and Such/centralcatholiccrest2.png"; sourceTree = "<group>"; };
		018800B817E11371006F9B49 /* SimpleLogoV2.png */ = {isa = PBXFileReference; lastKnownFileType = image.png; name = SimpleLogoV2.png; path = "../../../CCHS App Logos and Such/SimpleLogoV2.png"; sourceTree = "<group>"; };
		019308E817E7A35F006275DC /* NSDataEncryption.h */ = {isa = PBXFileReference; fileEncoding = 4; lastKnownFileType = sourcecode.c.h; name = NSDataEncryption.h; path = ../NSDataEncryption.h; sourceTree = "<group>"; };
		019308E917E7A35F006275DC /* NSDataEncryption.m */ = {isa = PBXFileReference; fileEncoding = 4; lastKnownFileType = sourcecode.c.objc; name = NSDataEncryption.m; path = ../NSDataEncryption.m; sourceTree = "<group>"; };
		01A73CB217D6E694005A3250 /* NewsBuilding.jpg */ = {isa = PBXFileReference; lastKnownFileType = image.jpeg; path = NewsBuilding.jpg; sourceTree = "<group>"; };
		01A73CB417D6E73F005A3250 /* Auditorium.jpg */ = {isa = PBXFileReference; lastKnownFileType = image.jpeg; path = Auditorium.jpg; sourceTree = "<group>"; };
		01A73CB617D6E7CA005A3250 /* #rollvikes.jpeg */ = {isa = PBXFileReference; lastKnownFileType = image.jpeg; path = "#rollvikes.jpeg"; sourceTree = "<group>"; };
		01B0D1C117ECEE270092112A /* imageNA.jpg */ = {isa = PBXFileReference; lastKnownFileType = image.jpeg; path = imageNA.jpg; sourceTree = "<group>"; };
		01B1E6281785F4B900934794 /* CCHSThirdViewController.h */ = {isa = PBXFileReference; fileEncoding = 4; lastKnownFileType = sourcecode.c.h; path = CCHSThirdViewController.h; sourceTree = "<group>"; };
		01B1E6291785F4B900934794 /* CCHSThirdViewController.m */ = {isa = PBXFileReference; fileEncoding = 4; lastKnownFileType = sourcecode.c.objc; path = CCHSThirdViewController.m; sourceTree = "<group>"; };
		01B1E62B1785F5F200934794 /* CCHSFourthViewController.h */ = {isa = PBXFileReference; fileEncoding = 4; lastKnownFileType = sourcecode.c.h; path = CCHSFourthViewController.h; sourceTree = "<group>"; };
		01B1E62C1785F5F200934794 /* CCHSFourthViewController.m */ = {isa = PBXFileReference; fileEncoding = 4; lastKnownFileType = sourcecode.c.objc; path = CCHSFourthViewController.m; sourceTree = "<group>"; };
		01B1E62E1786A16F00934794 /* CCHSMoreCentralLinkView.h */ = {isa = PBXFileReference; fileEncoding = 4; lastKnownFileType = sourcecode.c.h; path = CCHSMoreCentralLinkView.h; sourceTree = "<group>"; };
		01B1E62F1786A16F00934794 /* CCHSMoreCentralLinkView.m */ = {isa = PBXFileReference; fileEncoding = 4; lastKnownFileType = sourcecode.c.objc; path = CCHSMoreCentralLinkView.m; sourceTree = "<group>"; };
		01B1E6311786A20300934794 /* CCHSMorePowerSchoolLinkView.h */ = {isa = PBXFileReference; fileEncoding = 4; lastKnownFileType = sourcecode.c.h; path = CCHSMorePowerSchoolLinkView.h; sourceTree = "<group>"; };
		01B1E6321786A20300934794 /* CCHSMorePowerSchoolLinkView.m */ = {isa = PBXFileReference; fileEncoding = 4; lastKnownFileType = sourcecode.c.objc; path = CCHSMorePowerSchoolLinkView.m; sourceTree = "<group>"; };
		01B1E6341786A30B00934794 /* CCHSMoreMoodleLink.h */ = {isa = PBXFileReference; fileEncoding = 4; lastKnownFileType = sourcecode.c.h; path = CCHSMoreMoodleLink.h; sourceTree = "<group>"; };
		01B1E6351786A30B00934794 /* CCHSMoreMoodleLink.m */ = {isa = PBXFileReference; fileEncoding = 4; lastKnownFileType = sourcecode.c.objc; path = CCHSMoreMoodleLink.m; sourceTree = "<group>"; };
		01B1E6371786A38300934794 /* CCHSMoreNavianceLink.h */ = {isa = PBXFileReference; fileEncoding = 4; lastKnownFileType = sourcecode.c.h; path = CCHSMoreNavianceLink.h; sourceTree = "<group>"; };
		01B1E6381786A38300934794 /* CCHSMoreNavianceLink.m */ = {isa = PBXFileReference; fileEncoding = 4; lastKnownFileType = sourcecode.c.objc; path = CCHSMoreNavianceLink.m; sourceTree = "<group>"; };
		01B1E63A1787D56100934794 /* CCHSAbtSchoolView.h */ = {isa = PBXFileReference; fileEncoding = 4; lastKnownFileType = sourcecode.c.h; path = CCHSAbtSchoolView.h; sourceTree = "<group>"; };
		01B1E63B1787D56100934794 /* CCHSAbtSchoolView.m */ = {isa = PBXFileReference; fileEncoding = 4; lastKnownFileType = sourcecode.c.objc; path = CCHSAbtSchoolView.m; sourceTree = "<group>"; };
		01B1E63D1787D57F00934794 /* CCHSHandbookView.h */ = {isa = PBXFileReference; fileEncoding = 4; lastKnownFileType = sourcecode.c.h; path = CCHSHandbookView.h; sourceTree = "<group>"; };
		01B1E63E1787D57F00934794 /* CCHSHandbookView.m */ = {isa = PBXFileReference; fileEncoding = 4; lastKnownFileType = sourcecode.c.objc; path = CCHSHandbookView.m; sourceTree = "<group>"; };
		01B1E6401787D59700934794 /* CCHSAbtAppView.h */ = {isa = PBXFileReference; fileEncoding = 4; lastKnownFileType = sourcecode.c.h; path = CCHSAbtAppView.h; sourceTree = "<group>"; };
		01B1E6411787D59700934794 /* CCHSAbtAppView.m */ = {isa = PBXFileReference; fileEncoding = 4; lastKnownFileType = sourcecode.c.objc; path = CCHSAbtAppView.m; sourceTree = "<group>"; };
		01C6715C17BDBACE0016CEC3 /* CCHS_logo.png */ = {isa = PBXFileReference; lastKnownFileType = image.png; path = CCHS_logo.png; sourceTree = "<group>"; };
		01C9642C17DF5239004158DD /* BlueandGoldBackgroundiPad.png */ = {isa = PBXFileReference; lastKnownFileType = image.png; path = BlueandGoldBackgroundiPad.png; sourceTree = "<group>"; };
		01C9642D17DF5239004158DD /* BlueandGoldBackgroundiPhone5.png */ = {isa = PBXFileReference; lastKnownFileType = image.png; path = BlueandGoldBackgroundiPhone5.png; sourceTree = "<group>"; };
		01C9642E17DF5239004158DD /* BlueandGoldBackgroundiPhoneRetina.png */ = {isa = PBXFileReference; lastKnownFileType = image.png; path = BlueandGoldBackgroundiPhoneRetina.png; sourceTree = "<group>"; };
		01C9642F17DF5239004158DD /* BlueandGoldBackgroundiPhone.png */ = {isa = PBXFileReference; lastKnownFileType = image.png; path = BlueandGoldBackgroundiPhone.png; sourceTree = "<group>"; };
		01C9643017DF5239004158DD /* BlueandGoldBackgroundiPadRetina.png */ = {isa = PBXFileReference; lastKnownFileType = image.png; path = BlueandGoldBackgroundiPadRetina.png; sourceTree = "<group>"; };
		01C9643117DF5239004158DD /* BlueandGoldBackground.png */ = {isa = PBXFileReference; lastKnownFileType = image.png; path = BlueandGoldBackground.png; sourceTree = "<group>"; };
		01C9643817DF7478004158DD /* BlueandGoldBackground2.png */ = {isa = PBXFileReference; lastKnownFileType = image.png; path = BlueandGoldBackground2.png; sourceTree = "<group>"; };
		01F2349717D78D8F0012660E /* centralcatholiccrest.jpg */ = {isa = PBXFileReference; lastKnownFileType = image.jpeg; path = centralcatholiccrest.jpg; sourceTree = "<group>"; };
		01F2349917DA0B4D0012660E /* PasswordHelpViewController.h */ = {isa = PBXFileReference; fileEncoding = 4; lastKnownFileType = sourcecode.c.h; path = PasswordHelpViewController.h; sourceTree = "<group>"; };
		01F2349A17DA0B4D0012660E /* PasswordHelpViewController.m */ = {isa = PBXFileReference; fileEncoding = 4; lastKnownFileType = sourcecode.c.objc; path = PasswordHelpViewController.m; sourceTree = "<group>"; };
		FAF22EDB176B4E7D00B59E55 /* RollVikes.app */ = {isa = PBXFileReference; explicitFileType = wrapper.application; includeInIndex = 0; path = RollVikes.app; sourceTree = BUILT_PRODUCTS_DIR; };
		FAF22EDE176B4E7D00B59E55 /* UIKit.framework */ = {isa = PBXFileReference; lastKnownFileType = wrapper.framework; name = UIKit.framework; path = System/Library/Frameworks/UIKit.framework; sourceTree = SDKROOT; };
		FAF22EE0176B4E7D00B59E55 /* Foundation.framework */ = {isa = PBXFileReference; lastKnownFileType = wrapper.framework; name = Foundation.framework; path = System/Library/Frameworks/Foundation.framework; sourceTree = SDKROOT; };
		FAF22EE2176B4E7D00B59E55 /* CoreGraphics.framework */ = {isa = PBXFileReference; lastKnownFileType = wrapper.framework; name = CoreGraphics.framework; path = System/Library/Frameworks/CoreGraphics.framework; sourceTree = SDKROOT; };
		FAF22EE6176B4E7D00B59E55 /* RollVikes-Info.plist */ = {isa = PBXFileReference; lastKnownFileType = text.plist.xml; path = "RollVikes-Info.plist"; sourceTree = "<group>"; };
		FAF22EE8176B4E7D00B59E55 /* en */ = {isa = PBXFileReference; lastKnownFileType = text.plist.strings; name = en; path = en.lproj/InfoPlist.strings; sourceTree = "<group>"; };
		FAF22EEA176B4E7D00B59E55 /* main.m */ = {isa = PBXFileReference; lastKnownFileType = sourcecode.c.objc; path = main.m; sourceTree = "<group>"; };
		FAF22EEC176B4E7D00B59E55 /* RollVikes-Prefix.pch */ = {isa = PBXFileReference; lastKnownFileType = sourcecode.c.h; path = "RollVikes-Prefix.pch"; sourceTree = "<group>"; };
		FAF22EED176B4E7D00B59E55 /* CCHSAppDelegate.h */ = {isa = PBXFileReference; lastKnownFileType = sourcecode.c.h; path = CCHSAppDelegate.h; sourceTree = "<group>"; };
		FAF22EEE176B4E7D00B59E55 /* CCHSAppDelegate.m */ = {isa = PBXFileReference; lastKnownFileType = sourcecode.c.objc; path = CCHSAppDelegate.m; sourceTree = "<group>"; };
		FAF22EF7176B4E7D00B59E55 /* en */ = {isa = PBXFileReference; lastKnownFileType = file.storyboard; name = en; path = en.lproj/MainStoryboard_iPhone.storyboard; sourceTree = "<group>"; };
		FAF22EFA176B4E7D00B59E55 /* en */ = {isa = PBXFileReference; lastKnownFileType = file.storyboard; name = en; path = en.lproj/MainStoryboard_iPad.storyboard; sourceTree = "<group>"; };
		FAF22EFC176B4E7D00B59E55 /* CCHSFirstViewController.h */ = {isa = PBXFileReference; lastKnownFileType = sourcecode.c.h; path = CCHSFirstViewController.h; sourceTree = "<group>"; };
		FAF22EFD176B4E7D00B59E55 /* CCHSFirstViewController.m */ = {isa = PBXFileReference; lastKnownFileType = sourcecode.c.objc; path = CCHSFirstViewController.m; sourceTree = "<group>"; };
		FAF22F03176B4E7D00B59E55 /* CCHSSecondViewController.h */ = {isa = PBXFileReference; lastKnownFileType = sourcecode.c.h; path = CCHSSecondViewController.h; sourceTree = "<group>"; };
		FAF22F04176B4E7D00B59E55 /* CCHSSecondViewController.m */ = {isa = PBXFileReference; lastKnownFileType = sourcecode.c.objc; path = CCHSSecondViewController.m; sourceTree = "<group>"; };
/* End PBXFileReference section */

/* Begin PBXFrameworksBuildPhase section */
		FAF22ED8176B4E7D00B59E55 /* Frameworks */ = {
			isa = PBXFrameworksBuildPhase;
			buildActionMask = 2147483647;
			files = (
				016037EB17B06E8300A3E30D /* SystemConfiguration.framework in Frameworks */,
				0130F65017968C8100617404 /* MessageUI.framework in Frameworks */,
				FAF22EDF176B4E7D00B59E55 /* UIKit.framework in Frameworks */,
				FAF22EE1176B4E7D00B59E55 /* Foundation.framework in Frameworks */,
				FAF22EE3176B4E7D00B59E55 /* CoreGraphics.framework in Frameworks */,
			);
			runOnlyForDeploymentPostprocessing = 0;
		};
/* End PBXFrameworksBuildPhase section */

/* Begin PBXGroup section */
		FAF22ED2176B4E7D00B59E55 = {
			isa = PBXGroup;
			children = (
				FAF22EE4176B4E7D00B59E55 /* RollVikes */,
				FAF22EDD176B4E7D00B59E55 /* Frameworks */,
				FAF22EDC176B4E7D00B59E55 /* Products */,
			);
			sourceTree = "<group>";
		};
		FAF22EDC176B4E7D00B59E55 /* Products */ = {
			isa = PBXGroup;
			children = (
				FAF22EDB176B4E7D00B59E55 /* RollVikes.app */,
			);
			name = Products;
			sourceTree = "<group>";
		};
		FAF22EDD176B4E7D00B59E55 /* Frameworks */ = {
			isa = PBXGroup;
			children = (
				016037EA17B06E8300A3E30D /* SystemConfiguration.framework */,
				0130F64F17968C8100617404 /* MessageUI.framework */,
				FAF22EDE176B4E7D00B59E55 /* UIKit.framework */,
				FAF22EE0176B4E7D00B59E55 /* Foundation.framework */,
				FAF22EE2176B4E7D00B59E55 /* CoreGraphics.framework */,
			);
			name = Frameworks;
			sourceTree = "<group>";
		};
		FAF22EE4176B4E7D00B59E55 /* RollVikes */ = {
			isa = PBXGroup;
			children = (
				019308E817E7A35F006275DC /* NSDataEncryption.h */,
				019308E917E7A35F006275DC /* NSDataEncryption.m */,
				FAF22EED176B4E7D00B59E55 /* CCHSAppDelegate.h */,
				FAF22EEE176B4E7D00B59E55 /* CCHSAppDelegate.m */,
				016037FA17B0B75900A3E30D /* Reachability.h */,
				016037FB17B0B75900A3E30D /* Reachability.m */,
				016037FC17B0B75900A3E30D /* RNCachingURLProtocol.h */,
				016037FD17B0B75900A3E30D /* RNCachingURLProtocol.m */,
				FAF22EF6176B4E7D00B59E55 /* MainStoryboard_iPhone.storyboard */,
				0120D98D17A75172008561C4 /* CCHSLoginScreenViewController.h */,
				0120D98E17A75172008561C4 /* CCHSLoginScreenViewController.m */,
				FAF22EF9176B4E7D00B59E55 /* MainStoryboard_iPad.storyboard */,
				01F2349917DA0B4D0012660E /* PasswordHelpViewController.h */,
				01F2349A17DA0B4D0012660E /* PasswordHelpViewController.m */,
				FAF22EFC176B4E7D00B59E55 /* CCHSFirstViewController.h */,
				FAF22EFD176B4E7D00B59E55 /* CCHSFirstViewController.m */,
				FAF22F03176B4E7D00B59E55 /* CCHSSecondViewController.h */,
				FAF22F04176B4E7D00B59E55 /* CCHSSecondViewController.m */,
				01B1E6281785F4B900934794 /* CCHSThirdViewController.h */,
				01B1E6291785F4B900934794 /* CCHSThirdViewController.m */,
				01B1E62B1785F5F200934794 /* CCHSFourthViewController.h */,
				01B1E62C1785F5F200934794 /* CCHSFourthViewController.m */,
				01B1E62E1786A16F00934794 /* CCHSMoreCentralLinkView.h */,
				01B1E62F1786A16F00934794 /* CCHSMoreCentralLinkView.m */,
				01B1E6311786A20300934794 /* CCHSMorePowerSchoolLinkView.h */,
				01B1E6321786A20300934794 /* CCHSMorePowerSchoolLinkView.m */,
				01B1E6341786A30B00934794 /* CCHSMoreMoodleLink.h */,
				01B1E6351786A30B00934794 /* CCHSMoreMoodleLink.m */,
				01B1E6371786A38300934794 /* CCHSMoreNavianceLink.h */,
				01B1E6381786A38300934794 /* CCHSMoreNavianceLink.m */,
				01B1E63A1787D56100934794 /* CCHSAbtSchoolView.h */,
				01B1E63B1787D56100934794 /* CCHSAbtSchoolView.m */,
				01B1E63D1787D57F00934794 /* CCHSHandbookView.h */,
				01B1E63E1787D57F00934794 /* CCHSHandbookView.m */,
				01B1E6401787D59700934794 /* CCHSAbtAppView.h */,
				01B1E6411787D59700934794 /* CCHSAbtAppView.m */,
				FAF22EE5176B4E7D00B59E55 /* Supporting Files */,
			);
			path = RollVikes;
			sourceTree = "<group>";
		};
		FAF22EE5176B4E7D00B59E55 /* Supporting Files */ = {
			isa = PBXGroup;
			children = (
				01B0D1C117ECEE270092112A /* imageNA.jpg */,
				018800B817E11371006F9B49 /* SimpleLogoV2.png */,
				018800B417E102EC006F9B49 /* centralcatholiccrest2.png */,
				018800B217E100F1006F9B49 /* AppLogoV1IpadRetina.png */,
				018800B017E100E6006F9B49 /* AppLogoV1Ipad.png */,
				018800AE17E100D3006F9B49 /* AppLogoV1IphoneRetina.png */,
				018800AC17E100C5006F9B49 /* AppLogoV1Iphone.png */,
				0119C1A017E09E3900E6E189 /* BlueandGoldBackground3.png */,
				01C9643817DF7478004158DD /* BlueandGoldBackground2.png */,
				01C9642C17DF5239004158DD /* BlueandGoldBackgroundiPad.png */,
				01C9642D17DF5239004158DD /* BlueandGoldBackgroundiPhone5.png */,
				01C9642E17DF5239004158DD /* BlueandGoldBackgroundiPhoneRetina.png */,
				01C9642F17DF5239004158DD /* BlueandGoldBackgroundiPhone.png */,
				01C9643017DF5239004158DD /* BlueandGoldBackgroundiPadRetina.png */,
				01C9643117DF5239004158DD /* BlueandGoldBackground.png */,
				01F2349717D78D8F0012660E /* centralcatholiccrest.jpg */,
				01A73CB417D6E73F005A3250 /* Auditorium.jpg */,
				01A73CB217D6E694005A3250 /* NewsBuilding.jpg */,
				0160380017B2D67400A3E30D /* handbook13.pdf */,
				01A73CB617D6E7CA005A3250 /* #rollvikes.jpeg */,
				016037F617B0AEFF00A3E30D /* Default-Portrait@2x~ipad.png */,
				016037F417B0AEF900A3E30D /* Default-Portrait~ipad.png */,
				016037F217B0AEE900A3E30D /* Default-568h@2x.png */,
				016037F017B0AEE000A3E30D /* Default@2x.png */,
				01C6715C17BDBACE0016CEC3 /* CCHS_logo.png */,
				016037EE17B0AEDB00A3E30D /* Default.png */,
				016037D817AB93E600A3E30D /* home2x.png */,
				016037D617AB93CD00A3E30D /* calendar2x.png */,
				016037D417AB93BB00A3E30D /* user2x.png */,
				016037D217AB93A500A3E30D /* home.png */,
				016037D017AB936000A3E30D /* calendar.png */,
				016037CE17AB934300A3E30D /* user.png */,
				FAF22EE6176B4E7D00B59E55 /* RollVikes-Info.plist */,
				FAF22EE7176B4E7D00B59E55 /* InfoPlist.strings */,
				FAF22EEA176B4E7D00B59E55 /* main.m */,
				FAF22EEC176B4E7D00B59E55 /* RollVikes-Prefix.pch */,
			);
			name = "Supporting Files";
			sourceTree = "<group>";
		};
/* End PBXGroup section */

/* Begin PBXNativeTarget section */
		FAF22EDA176B4E7D00B59E55 /* RollVikes */ = {
			isa = PBXNativeTarget;
			buildConfigurationList = FAF22F0C176B4E7D00B59E55 /* Build configuration list for PBXNativeTarget "RollVikes" */;
			buildPhases = (
				FAF22ED7176B4E7D00B59E55 /* Sources */,
				FAF22ED8176B4E7D00B59E55 /* Frameworks */,
				FAF22ED9176B4E7D00B59E55 /* Resources */,
			);
			buildRules = (
			);
			dependencies = (
			);
			name = RollVikes;
			productName = RollVikes;
			productReference = FAF22EDB176B4E7D00B59E55 /* RollVikes.app */;
			productType = "com.apple.product-type.application";
		};
/* End PBXNativeTarget section */

/* Begin PBXProject section */
		FAF22ED3176B4E7D00B59E55 /* Project object */ = {
			isa = PBXProject;
			attributes = {
				CLASSPREFIX = CCHS;
				LastUpgradeCheck = 0460;
				ORGANIZATIONNAME = CCHS;
			};
			buildConfigurationList = FAF22ED6176B4E7D00B59E55 /* Build configuration list for PBXProject "RollVikes" */;
			compatibilityVersion = "Xcode 3.2";
			developmentRegion = English;
			hasScannedForEncodings = 0;
			knownRegions = (
				en,
			);
			mainGroup = FAF22ED2176B4E7D00B59E55;
			productRefGroup = FAF22EDC176B4E7D00B59E55 /* Products */;
			projectDirPath = "";
			projectRoot = "";
			targets = (
				FAF22EDA176B4E7D00B59E55 /* RollVikes */,
			);
		};
/* End PBXProject section */

/* Begin PBXResourcesBuildPhase section */
		FAF22ED9176B4E7D00B59E55 /* Resources */ = {
			isa = PBXResourcesBuildPhase;
			buildActionMask = 2147483647;
			files = (
				FAF22EE9176B4E7D00B59E55 /* InfoPlist.strings in Resources */,
				FAF22EF8176B4E7D00B59E55 /* MainStoryboard_iPhone.storyboard in Resources */,
				FAF22EFB176B4E7D00B59E55 /* MainStoryboard_iPad.storyboard in Resources */,
				016037CF17AB934300A3E30D /* user.png in Resources */,
				016037D117AB936000A3E30D /* calendar.png in Resources */,
				016037D317AB93A500A3E30D /* home.png in Resources */,
				016037D517AB93BB00A3E30D /* user2x.png in Resources */,
				016037D717AB93CD00A3E30D /* calendar2x.png in Resources */,
				016037D917AB93E600A3E30D /* home2x.png in Resources */,
				016037EF17B0AEDB00A3E30D /* Default.png in Resources */,
				016037F117B0AEE000A3E30D /* Default@2x.png in Resources */,
				016037F317B0AEE900A3E30D /* Default-568h@2x.png in Resources */,
				016037F517B0AEF900A3E30D /* Default-Portrait~ipad.png in Resources */,
				016037F717B0AEFF00A3E30D /* Default-Portrait@2x~ipad.png in Resources */,
				0160380117B2D67400A3E30D /* handbook13.pdf in Resources */,
				01C6715D17BDBACE0016CEC3 /* CCHS_logo.png in Resources */,
				01A73CB317D6E694005A3250 /* NewsBuilding.jpg in Resources */,
				01A73CB517D6E73F005A3250 /* Auditorium.jpg in Resources */,
				01A73CB717D6E7CA005A3250 /* #rollvikes.jpeg in Resources */,
				01F2349817D78D8F0012660E /* centralcatholiccrest.jpg in Resources */,
				01C9643217DF5239004158DD /* BlueandGoldBackgroundiPad.png in Resources */,
				01C9643317DF5239004158DD /* BlueandGoldBackgroundiPhone5.png in Resources */,
				01C9643417DF5239004158DD /* BlueandGoldBackgroundiPhoneRetina.png in Resources */,
				01B0D1C217ECEE270092112A /* imageNA.jpg in Resources */,
				01C9643517DF5239004158DD /* BlueandGoldBackgroundiPhone.png in Resources */,
				01C9643617DF5239004158DD /* BlueandGoldBackgroundiPadRetina.png in Resources */,
				0119C1A117E09E3900E6E189 /* BlueandGoldBackground3.png in Resources */,
				01C9643717DF5239004158DD /* BlueandGoldBackground.png in Resources */,
				01C9643917DF7478004158DD /* BlueandGoldBackground2.png in Resources */,
				018800AD17E100C5006F9B49 /* AppLogoV1Iphone.png in Resources */,
				018800AF17E100D3006F9B49 /* AppLogoV1IphoneRetina.png in Resources */,
				018800B117E100E6006F9B49 /* AppLogoV1Ipad.png in Resources */,
				018800B317E100F1006F9B49 /* AppLogoV1IpadRetina.png in Resources */,
				018800B517E102EC006F9B49 /* centralcatholiccrest2.png in Resources */,
				018800B917E11371006F9B49 /* SimpleLogoV2.png in Resources */,
			);
			runOnlyForDeploymentPostprocessing = 0;
		};
/* End PBXResourcesBuildPhase section */

/* Begin PBXSourcesBuildPhase section */
		FAF22ED7176B4E7D00B59E55 /* Sources */ = {
			isa = PBXSourcesBuildPhase;
			buildActionMask = 2147483647;
			files = (
				FAF22EEB176B4E7D00B59E55 /* main.m in Sources */,
				FAF22EEF176B4E7D00B59E55 /* CCHSAppDelegate.m in Sources */,
				FAF22EFE176B4E7D00B59E55 /* CCHSFirstViewController.m in Sources */,
				FAF22F05176B4E7D00B59E55 /* CCHSSecondViewController.m in Sources */,
				01B1E62A1785F4B900934794 /* CCHSThirdViewController.m in Sources */,
				01B1E62D1785F5F200934794 /* CCHSFourthViewController.m in Sources */,
				01B1E6301786A16F00934794 /* CCHSMoreCentralLinkView.m in Sources */,
				01B1E6331786A20300934794 /* CCHSMorePowerSchoolLinkView.m in Sources */,
				01B1E6361786A30B00934794 /* CCHSMoreMoodleLink.m in Sources */,
				019308EA17E7A35F006275DC /* NSDataEncryption.m in Sources */,
				01B1E6391786A38300934794 /* CCHSMoreNavianceLink.m in Sources */,
				01B1E63C1787D56100934794 /* CCHSAbtSchoolView.m in Sources */,
				01B1E63F1787D58000934794 /* CCHSHandbookView.m in Sources */,
				01B1E6421787D59700934794 /* CCHSAbtAppView.m in Sources */,
				0120D98F17A75172008561C4 /* CCHSLoginScreenViewController.m in Sources */,
				016037FE17B0B75900A3E30D /* Reachability.m in Sources */,
				016037FF17B0B75900A3E30D /* RNCachingURLProtocol.m in Sources */,
				01F2349B17DA0B4D0012660E /* PasswordHelpViewController.m in Sources */,
			);
			runOnlyForDeploymentPostprocessing = 0;
		};
/* End PBXSourcesBuildPhase section */

/* Begin PBXVariantGroup section */
		FAF22EE7176B4E7D00B59E55 /* InfoPlist.strings */ = {
			isa = PBXVariantGroup;
			children = (
				FAF22EE8176B4E7D00B59E55 /* en */,
			);
			name = InfoPlist.strings;
			sourceTree = "<group>";
		};
		FAF22EF6176B4E7D00B59E55 /* MainStoryboard_iPhone.storyboard */ = {
			isa = PBXVariantGroup;
			children = (
				FAF22EF7176B4E7D00B59E55 /* en */,
			);
			name = MainStoryboard_iPhone.storyboard;
			sourceTree = "<group>";
		};
		FAF22EF9176B4E7D00B59E55 /* MainStoryboard_iPad.storyboard */ = {
			isa = PBXVariantGroup;
			children = (
				FAF22EFA176B4E7D00B59E55 /* en */,
			);
			name = MainStoryboard_iPad.storyboard;
			sourceTree = "<group>";
		};
/* End PBXVariantGroup section */

/* Begin XCBuildConfiguration section */
		FAF22F0A176B4E7D00B59E55 /* Debug */ = {
			isa = XCBuildConfiguration;
			buildSettings = {
				ALWAYS_SEARCH_USER_PATHS = NO;
				CLANG_CXX_LANGUAGE_STANDARD = "gnu++0x";
				CLANG_CXX_LIBRARY = "libc++";
				CLANG_ENABLE_OBJC_ARC = YES;
				CLANG_WARN_CONSTANT_CONVERSION = YES;
				CLANG_WARN_EMPTY_BODY = YES;
				CLANG_WARN_ENUM_CONVERSION = YES;
				CLANG_WARN_INT_CONVERSION = YES;
				CLANG_WARN__DUPLICATE_METHOD_MATCH = YES;
				CODE_SIGN_IDENTITY = "iPhone Developer: Nicholas Petro (2YKGZENGQW)";
				"CODE_SIGN_IDENTITY[sdk=iphoneos*]" = "iPhone Developer";
				COPY_PHASE_STRIP = NO;
				GCC_C_LANGUAGE_STANDARD = gnu99;
				GCC_DYNAMIC_NO_PIC = NO;
				GCC_OPTIMIZATION_LEVEL = 0;
				GCC_PREPROCESSOR_DEFINITIONS = (
					"DEBUG=1",
					"$(inherited)",
				);
				GCC_SYMBOLS_PRIVATE_EXTERN = NO;
				GCC_WARN_ABOUT_RETURN_TYPE = YES;
				GCC_WARN_UNINITIALIZED_AUTOS = YES;
				GCC_WARN_UNUSED_VARIABLE = YES;
				IPHONEOS_DEPLOYMENT_TARGET = 6.1;
				ONLY_ACTIVE_ARCH = YES;
				PROVISIONING_PROFILE = "";
				"PROVISIONING_PROFILE[sdk=iphoneos*]" = "";
				SDKROOT = iphoneos;
				TARGETED_DEVICE_FAMILY = "1,2";
			};
			name = Debug;
		};
		FAF22F0B176B4E7D00B59E55 /* Release */ = {
			isa = XCBuildConfiguration;
			buildSettings = {
				ALWAYS_SEARCH_USER_PATHS = NO;
				CLANG_CXX_LANGUAGE_STANDARD = "gnu++0x";
				CLANG_CXX_LIBRARY = "libc++";
				CLANG_ENABLE_OBJC_ARC = YES;
				CLANG_WARN_CONSTANT_CONVERSION = YES;
				CLANG_WARN_EMPTY_BODY = YES;
				CLANG_WARN_ENUM_CONVERSION = YES;
				CLANG_WARN_INT_CONVERSION = YES;
				CLANG_WARN__DUPLICATE_METHOD_MATCH = YES;
				CODE_SIGN_IDENTITY = "iPhone Developer: Nicholas Petro (2YKGZENGQW)";
				"CODE_SIGN_IDENTITY[sdk=iphoneos*]" = "iPhone Developer";
				COPY_PHASE_STRIP = YES;
				GCC_C_LANGUAGE_STANDARD = gnu99;
				GCC_WARN_ABOUT_RETURN_TYPE = YES;
				GCC_WARN_UNINITIALIZED_AUTOS = YES;
				GCC_WARN_UNUSED_VARIABLE = YES;
				IPHONEOS_DEPLOYMENT_TARGET = 6.1;
				OTHER_CFLAGS = "-DNS_BLOCK_ASSERTIONS=1";
				PROVISIONING_PROFILE = "";
				"PROVISIONING_PROFILE[sdk=iphoneos*]" = "";
				SDKROOT = iphoneos;
				TARGETED_DEVICE_FAMILY = "1,2";
				VALIDATE_PRODUCT = YES;
			};
			name = Release;
		};
		FAF22F0D176B4E7D00B59E55 /* Debug */ = {
			isa = XCBuildConfiguration;
			buildSettings = {
				CODE_SIGN_IDENTITY = "iPhone Developer: Nicholas Petro (2YKGZENGQW)";
				"CODE_SIGN_IDENTITY[sdk=iphoneos*]" = "iPhone Developer";
				GCC_PRECOMPILE_PREFIX_HEADER = YES;
				GCC_PREFIX_HEADER = "RollVikes/RollVikes-Prefix.pch";
				INFOPLIST_FILE = "RollVikes/RollVikes-Info.plist";
				INFOPLIST_PREPROCESS = NO;
				PRODUCT_NAME = "$(TARGET_NAME)";
				PROVISIONING_PROFILE = "";
				"PROVISIONING_PROFILE[sdk=iphoneos*]" = "";
				WRAPPER_EXTENSION = app;
			};
			name = Debug;
		};
		FAF22F0E176B4E7D00B59E55 /* Release */ = {
			isa = XCBuildConfiguration;
			buildSettings = {
				CODE_SIGN_IDENTITY = "iPhone Developer: Nicholas Petro (2YKGZENGQW)";
				"CODE_SIGN_IDENTITY[sdk=iphoneos*]" = "iPhone Developer";
				GCC_PRECOMPILE_PREFIX_HEADER = YES;
				GCC_PREFIX_HEADER = "RollVikes/RollVikes-Prefix.pch";
				INFOPLIST_FILE = "RollVikes/RollVikes-Info.plist";
				INFOPLIST_PREPROCESS = NO;
				PRODUCT_NAME = "$(TARGET_NAME)";
				PROVISIONING_PROFILE = "";
				"PROVISIONING_PROFILE[sdk=iphoneos*]" = "";
				WRAPPER_EXTENSION = app;
			};
			name = Release;
		};
/* End XCBuildConfiguration section */

/* Begin XCConfigurationList section */
		FAF22ED6176B4E7D00B59E55 /* Build configuration list for PBXProject "RollVikes" */ = {
			isa = XCConfigurationList;
			buildConfigurations = (
				FAF22F0A176B4E7D00B59E55 /* Debug */,
				FAF22F0B176B4E7D00B59E55 /* Release */,
			);
			defaultConfigurationIsVisible = 0;
			defaultConfigurationName = Release;
		};
		FAF22F0C176B4E7D00B59E55 /* Build configuration list for PBXNativeTarget "RollVikes" */ = {
			isa = XCConfigurationList;
			buildConfigurations = (
				FAF22F0D176B4E7D00B59E55 /* Debug */,
				FAF22F0E176B4E7D00B59E55 /* Release */,
			);
			defaultConfigurationIsVisible = 0;
			defaultConfigurationName = Release;
		};
/* End XCConfigurationList section */
	};
	rootObject = FAF22ED3176B4E7D00B59E55 /* Project object */;
}
